
Microsoft Visual Studio Solution File, Format Version 12.00
# Visual Studio Version 17
VisualStudioVersion = 17.4.33205.214
MinimumVisualStudioVersion = 10.0.40219.1
Project("{FAE04EC0-301F-11D3-BF4B-00C04F79EFBC}") = "StudentReg", "StudentReg\StudentReg.csproj", "{8544BF54-C8CF-45FA-B9B3-FDECD240A299}"
EndProject
Global
	GlobalSection(SolutionConfigurationPlatforms) = preSolution
		Debug|Any CPU = Debug|Any CPU
		Release|Any CPU = Release|Any CPU
	EndGlobalSection
	GlobalSection(ProjectConfigurationPlatforms) = postSolution
		{8544BF54-C8CF-45FA-B9B3-FDECD240A299}.Debug|Any CPU.ActiveCfg = Debug|Any CPU
		{8544BF54-C8CF-45FA-B9B3-FDECD240A299}.Debug|Any CPU.Build.0 = Debug|Any CPU
		{8544BF54-C8CF-45FA-B9B3-FDECD240A299}.Release|Any CPU.ActiveCfg = Release|Any CPU
		{8544BF54-C8CF-45FA-B9B3-FDECD240A299}.Release|Any CPU.Build.0 = Release|Any CPU
	EndGlobalSection
	GlobalSection(SolutionProperties) = preSolution
		HideSolutionNode = FALSE
	EndGlobalSection
	GlobalSection(ExtensibilityGlobals) = postSolution
		SolutionGuid = {CE61ED43-0C36-467B-A207-B1E021298039}
	EndGlobalSection
EndGlobal
